
Microsoft Visual Studio Solution File, Format Version 12.00
# Visual Studio 2012
Project("{FAE04EC0-301F-11D3-BF4B-00C04F79EFBC}") = "iTEC.WebApplication", "iTEC.WebApplication\iTEC.WebApplication.csproj", "{78A8E377-4FC1-4049-9D8B-99242D524220}"
EndProject
Project("{FAE04EC0-301F-11D3-BF4B-00C04F79EFBC}") = "iTEC.Captcha", "iTEC.Captcha\iTEC.Captcha.csproj", "{5BA64977-6907-41FE-80F5-10BF8BBCD36A}"
EndProject
Project("{FAE04EC0-301F-11D3-BF4B-00C04F79EFBC}") = "iTEC.Providers", "iTEC.Providers\iTEC.Providers.csproj", "{FFA682A3-D036-4534-A5F6-A351CA10A0C5}"
EndProject
Project("{FAE04EC0-301F-11D3-BF4B-00C04F79EFBC}") = "iTEC.Model.EF", "iTEC.Model.EF\iTEC.Model.EF.csproj", "{D8A9C70F-04FE-4EA6-8759-C3EB92F4639F}"
EndProject
Project("{FAE04EC0-301F-11D3-BF4B-00C04F79EFBC}") = "iTEC.Model", "iTEC.Model\iTEC.Model.csproj", "{99A59808-047D-4979-A1C0-39EE60AF8BF5}"
EndProject
Project("{FAE04EC0-301F-11D3-BF4B-00C04F79EFBC}") = "iTEC.Model.Interfaces", "iTEC.Model.Interfaces\iTEC.Model.Interfaces.csproj", "{F59A1FEC-DBB3-421B-9D0E-5CE56C464EF3}"
EndProject
Project("{FAE04EC0-301F-11D3-BF4B-00C04F79EFBC}") = "iTEC.BL.Interfaces", "iTEC.BL.Interfaces\iTEC.BL.Interfaces.csproj", "{2A17C8C2-BC7D-4378-85AA-5388FE201092}"
EndProject
Project("{FAE04EC0-301F-11D3-BF4B-00C04F79EFBC}") = "iTEC.BL", "iTEC.BL\iTEC.BL.csproj", "{AA37B35F-5FDB-4B25-B3B5-2A727D39269E}"
EndProject
Project("{FAE04EC0-301F-11D3-BF4B-00C04F79EFBC}") = "iTEC.Services", "iTEC.Services\iTEC.Services.csproj", "{96F9DA98-C859-4D13-8630-AD33800A872D}"
EndProject
Project("{FAE04EC0-301F-11D3-BF4B-00C04F79EFBC}") = "iTEC.Services.AccessLayer", "iTEC.Services.AccessLayer\iTEC.Services.AccessLayer.csproj", "{978F7E63-EECE-4511-8214-EE54C23146C4}"
	ProjectSection(ProjectDependencies) = postProject
		{96F9DA98-C859-4D13-8630-AD33800A872D} = {96F9DA98-C859-4D13-8630-AD33800A872D}
	EndProjectSection
EndProject
Project("{FAE04EC0-301F-11D3-BF4B-00C04F79EFBC}") = "iTEC.ErrorHandling", "iTEC.ErrorHandling\iTEC.ErrorHandling.csproj", "{EB85C929-7BAB-40EB-828F-CE1612CFD05F}"
EndProject
Global
	GlobalSection(TeamFoundationVersionControl) = preSolution
		SccNumberOfProjects = 12
		SccEnterpriseProvider = {4CA58AB2-18FA-4F8D-95D4-32DDF27D184C}
		SccTeamFoundationServer = https://crsdevs.visualstudio.com/defaultcollection
		SccLocalPath0 = .
		SccProjectUniqueName1 = iTEC.Captcha\\iTEC.Captcha.csproj
		SccProjectName1 = iTEC.Captcha
		SccLocalPath1 = iTEC.Captcha
		SccProjectUniqueName2 = iTEC.WebApplication\\iTEC.WebApplication.csproj
		SccProjectName2 = iTEC.WebApplication
		SccLocalPath2 = iTEC.WebApplication
		SccProjectUniqueName3 = iTEC.Providers\\iTEC.Providers.csproj
		SccProjectName3 = iTEC.Providers
		SccLocalPath3 = iTEC.Providers
		SccProjectUniqueName4 = iTEC.Model.EF\\iTEC.Model.EF.csproj
		SccProjectName4 = iTEC.Model.EF
		SccLocalPath4 = iTEC.Model.EF
		SccProjectUniqueName5 = iTEC.Model\\iTEC.Model.csproj
		SccProjectName5 = iTEC.Model
		SccLocalPath5 = iTEC.Model
		SccProjectUniqueName6 = iTEC.Model.Interfaces\\iTEC.Model.Interfaces.csproj
		SccProjectName6 = iTEC.Model.Interfaces
		SccLocalPath6 = iTEC.Model.Interfaces
		SccProjectUniqueName7 = iTEC.BL.Interfaces\\iTEC.BL.Interfaces.csproj
		SccProjectName7 = iTEC.BL.Interfaces
		SccLocalPath7 = iTEC.BL.Interfaces
		SccProjectUniqueName8 = iTEC.BL\\iTEC.BL.csproj
		SccProjectName8 = iTEC.BL
		SccLocalPath8 = iTEC.BL
		SccProjectUniqueName9 = iTEC.Services\\iTEC.Services.csproj
		SccProjectName9 = iTEC.Services
		SccLocalPath9 = iTEC.Services
		SccProjectUniqueName10 = iTEC.Services.AccessLayer\\iTEC.Services.AccessLayer.csproj
		SccProjectName10 = iTEC.Services.AccessLayer
		SccLocalPath10 = iTEC.Services.AccessLayer
		SccProjectUniqueName11 = iTEC.ErrorHandling\\iTEC.ErrorHandling.csproj
		SccProjectName11 = iTEC.ErrorHandling
		SccLocalPath11 = iTEC.ErrorHandling
	EndGlobalSection
	GlobalSection(SolutionConfigurationPlatforms) = preSolution
		Debug|Any CPU = Debug|Any CPU
		Debug|Mixed Platforms = Debug|Mixed Platforms
		Debug|Win32 = Debug|Win32
		Debug|x64 = Debug|x64
		Debug|x86 = Debug|x86
		Release|Any CPU = Release|Any CPU
		Release|Mixed Platforms = Release|Mixed Platforms
		Release|Win32 = Release|Win32
		Release|x64 = Release|x64
		Release|x86 = Release|x86
	EndGlobalSection
	GlobalSection(ProjectConfigurationPlatforms) = postSolution
		{78A8E377-4FC1-4049-9D8B-99242D524220}.Debug|Any CPU.ActiveCfg = Debug|Any CPU
		{78A8E377-4FC1-4049-9D8B-99242D524220}.Debug|Any CPU.Build.0 = Debug|Any CPU
		{78A8E377-4FC1-4049-9D8B-99242D524220}.Debug|Mixed Platforms.ActiveCfg = Debug|Any CPU
		{78A8E377-4FC1-4049-9D8B-99242D524220}.Debug|Mixed Platforms.Build.0 = Debug|Any CPU
		{78A8E377-4FC1-4049-9D8B-99242D524220}.Debug|Win32.ActiveCfg = Debug|Any CPU
		{78A8E377-4FC1-4049-9D8B-99242D524220}.Debug|x64.ActiveCfg = Debug|Any CPU
		{78A8E377-4FC1-4049-9D8B-99242D524220}.Debug|x64.Build.0 = Debug|Any CPU
		{78A8E377-4FC1-4049-9D8B-99242D524220}.Debug|x86.ActiveCfg = Debug|x86
		{78A8E377-4FC1-4049-9D8B-99242D524220}.Debug|x86.Build.0 = Debug|x86
		{78A8E377-4FC1-4049-9D8B-99242D524220}.Release|Any CPU.ActiveCfg = Release|Any CPU
		{78A8E377-4FC1-4049-9D8B-99242D524220}.Release|Any CPU.Build.0 = Release|Any CPU
		{78A8E377-4FC1-4049-9D8B-99242D524220}.Release|Mixed Platforms.ActiveCfg = Release|Any CPU
		{78A8E377-4FC1-4049-9D8B-99242D524220}.Release|Mixed Platforms.Build.0 = Release|Any CPU
		{78A8E377-4FC1-4049-9D8B-99242D524220}.Release|Win32.ActiveCfg = Release|Any CPU
		{78A8E377-4FC1-4049-9D8B-99242D524220}.Release|x64.ActiveCfg = Release|x64
		{78A8E377-4FC1-4049-9D8B-99242D524220}.Release|x64.Build.0 = Release|x64
		{78A8E377-4FC1-4049-9D8B-99242D524220}.Release|x86.ActiveCfg = Release|Any CPU
		{78A8E377-4FC1-4049-9D8B-99242D524220}.Release|x86.Build.0 = Release|Any CPU
		{5BA64977-6907-41FE-80F5-10BF8BBCD36A}.Debug|Any CPU.ActiveCfg = Debug|Any CPU
		{5BA64977-6907-41FE-80F5-10BF8BBCD36A}.Debug|Any CPU.Build.0 = Debug|Any CPU
		{5BA64977-6907-41FE-80F5-10BF8BBCD36A}.Debug|Mixed Platforms.ActiveCfg = Debug|Any CPU
		{5BA64977-6907-41FE-80F5-10BF8BBCD36A}.Debug|Mixed Platforms.Build.0 = Debug|Any CPU
		{5BA64977-6907-41FE-80F5-10BF8BBCD36A}.Debug|Win32.ActiveCfg = Debug|Any CPU
		{5BA64977-6907-41FE-80F5-10BF8BBCD36A}.Debug|x64.ActiveCfg = Debug|Any CPU
		{5BA64977-6907-41FE-80F5-10BF8BBCD36A}.Debug|x86.ActiveCfg = Debug|x86
		{5BA64977-6907-41FE-80F5-10BF8BBCD36A}.Debug|x86.Build.0 = Debug|x86
		{5BA64977-6907-41FE-80F5-10BF8BBCD36A}.Release|Any CPU.ActiveCfg = Release|Any CPU
		{5BA64977-6907-41FE-80F5-10BF8BBCD36A}.Release|Any CPU.Build.0 = Release|Any CPU
		{5BA64977-6907-41FE-80F5-10BF8BBCD36A}.Release|Mixed Platforms.ActiveCfg = Release|Any CPU
		{5BA64977-6907-41FE-80F5-10BF8BBCD36A}.Release|Mixed Platforms.Build.0 = Release|Any CPU
		{5BA64977-6907-41FE-80F5-10BF8BBCD36A}.Release|Win32.ActiveCfg = Release|Any CPU
		{5BA64977-6907-41FE-80F5-10BF8BBCD36A}.Release|x64.ActiveCfg = Release|x64
		{5BA64977-6907-41FE-80F5-10BF8BBCD36A}.Release|x64.Build.0 = Release|x64
		{5BA64977-6907-41FE-80F5-10BF8BBCD36A}.Release|x86.ActiveCfg = Release|Any CPU
		{5BA64977-6907-41FE-80F5-10BF8BBCD36A}.Release|x86.Build.0 = Release|Any CPU
		{FFA682A3-D036-4534-A5F6-A351CA10A0C5}.Debug|Any CPU.ActiveCfg = Debug|Any CPU
		{FFA682A3-D036-4534-A5F6-A351CA10A0C5}.Debug|Any CPU.Build.0 = Debug|Any CPU
		{FFA682A3-D036-4534-A5F6-A351CA10A0C5}.Debug|Mixed Platforms.ActiveCfg = Debug|Any CPU
		{FFA682A3-D036-4534-A5F6-A351CA10A0C5}.Debug|Mixed Platforms.Build.0 = Debug|Any CPU
		{FFA682A3-D036-4534-A5F6-A351CA10A0C5}.Debug|Win32.ActiveCfg = Debug|Any CPU
		{FFA682A3-D036-4534-A5F6-A351CA10A0C5}.Debug|x64.ActiveCfg = Debug|Any CPU
		{FFA682A3-D036-4534-A5F6-A351CA10A0C5}.Debug|x86.ActiveCfg = Debug|x86
		{FFA682A3-D036-4534-A5F6-A351CA10A0C5}.Debug|x86.Build.0 = Debug|x86
		{FFA682A3-D036-4534-A5F6-A351CA10A0C5}.Release|Any CPU.ActiveCfg = Release|Any CPU
		{FFA682A3-D036-4534-A5F6-A351CA10A0C5}.Release|Any CPU.Build.0 = Release|Any CPU
		{FFA682A3-D036-4534-A5F6-A351CA10A0C5}.Release|Mixed Platforms.ActiveCfg = Release|Any CPU
		{FFA682A3-D036-4534-A5F6-A351CA10A0C5}.Release|Mixed Platforms.Build.0 = Release|Any CPU
		{FFA682A3-D036-4534-A5F6-A351CA10A0C5}.Release|Win32.ActiveCfg = Release|Any CPU
		{FFA682A3-D036-4534-A5F6-A351CA10A0C5}.Release|x64.ActiveCfg = Release|x64
		{FFA682A3-D036-4534-A5F6-A351CA10A0C5}.Release|x64.Build.0 = Release|x64
		{FFA682A3-D036-4534-A5F6-A351CA10A0C5}.Release|x86.ActiveCfg = Release|Any CPU
		{FFA682A3-D036-4534-A5F6-A351CA10A0C5}.Release|x86.Build.0 = Release|Any CPU
		{D8A9C70F-04FE-4EA6-8759-C3EB92F4639F}.Debug|Any CPU.ActiveCfg = Debug|Any CPU
		{D8A9C70F-04FE-4EA6-8759-C3EB92F4639F}.Debug|Any CPU.Build.0 = Debug|Any CPU
		{D8A9C70F-04FE-4EA6-8759-C3EB92F4639F}.Debug|Mixed Platforms.ActiveCfg = Debug|Any CPU
		{D8A9C70F-04FE-4EA6-8759-C3EB92F4639F}.Debug|Mixed Platforms.Build.0 = Debug|Any CPU
		{D8A9C70F-04FE-4EA6-8759-C3EB92F4639F}.Debug|Win32.ActiveCfg = Debug|Any CPU
		{D8A9C70F-04FE-4EA6-8759-C3EB92F4639F}.Debug|x64.ActiveCfg = Debug|Any CPU
		{D8A9C70F-04FE-4EA6-8759-C3EB92F4639F}.Debug|x86.ActiveCfg = Debug|Any CPU
		{D8A9C70F-04FE-4EA6-8759-C3EB92F4639F}.Release|Any CPU.ActiveCfg = Release|Any CPU
		{D8A9C70F-04FE-4EA6-8759-C3EB92F4639F}.Release|Any CPU.Build.0 = Release|Any CPU
		{D8A9C70F-04FE-4EA6-8759-C3EB92F4639F}.Release|Mixed Platforms.ActiveCfg = Release|Any CPU
		{D8A9C70F-04FE-4EA6-8759-C3EB92F4639F}.Release|Mixed Platforms.Build.0 = Release|Any CPU
		{D8A9C70F-04FE-4EA6-8759-C3EB92F4639F}.Release|Win32.ActiveCfg = Release|Any CPU
		{D8A9C70F-04FE-4EA6-8759-C3EB92F4639F}.Release|x64.ActiveCfg = Release|Any CPU
		{D8A9C70F-04FE-4EA6-8759-C3EB92F4639F}.Release|x86.ActiveCfg = Release|Any CPU
		{99A59808-047D-4979-A1C0-39EE60AF8BF5}.Debug|Any CPU.ActiveCfg = Debug|Any CPU
		{99A59808-047D-4979-A1C0-39EE60AF8BF5}.Debug|Any CPU.Build.0 = Debug|Any CPU
		{99A59808-047D-4979-A1C0-39EE60AF8BF5}.Debug|Mixed Platforms.ActiveCfg = Debug|Any CPU
		{99A59808-047D-4979-A1C0-39EE60AF8BF5}.Debug|Mixed Platforms.Build.0 = Debug|Any CPU
		{99A59808-047D-4979-A1C0-39EE60AF8BF5}.Debug|Win32.ActiveCfg = Debug|Any CPU
		{99A59808-047D-4979-A1C0-39EE60AF8BF5}.Debug|x64.ActiveCfg = Debug|Any CPU
		{99A59808-047D-4979-A1C0-39EE60AF8BF5}.Debug|x86.ActiveCfg = Debug|Any CPU
		{99A59808-047D-4979-A1C0-39EE60AF8BF5}.Release|Any CPU.ActiveCfg = Release|Any CPU
		{99A59808-047D-4979-A1C0-39EE60AF8BF5}.Release|Any CPU.Build.0 = Release|Any CPU
		{99A59808-047D-4979-A1C0-39EE60AF8BF5}.Release|Mixed Platforms.ActiveCfg = Release|Any CPU
		{99A59808-047D-4979-A1C0-39EE60AF8BF5}.Release|Mixed Platforms.Build.0 = Release|Any CPU
		{99A59808-047D-4979-A1C0-39EE60AF8BF5}.Release|Win32.ActiveCfg = Release|Any CPU
		{99A59808-047D-4979-A1C0-39EE60AF8BF5}.Release|x64.ActiveCfg = Release|Any CPU
		{99A59808-047D-4979-A1C0-39EE60AF8BF5}.Release|x86.ActiveCfg = Release|Any CPU
		{F59A1FEC-DBB3-421B-9D0E-5CE56C464EF3}.Debug|Any CPU.ActiveCfg = Debug|Any CPU
		{F59A1FEC-DBB3-421B-9D0E-5CE56C464EF3}.Debug|Any CPU.Build.0 = Debug|Any CPU
		{F59A1FEC-DBB3-421B-9D0E-5CE56C464EF3}.Debug|Mixed Platforms.ActiveCfg = Debug|Any CPU
		{F59A1FEC-DBB3-421B-9D0E-5CE56C464EF3}.Debug|Mixed Platforms.Build.0 = Debug|Any CPU
		{F59A1FEC-DBB3-421B-9D0E-5CE56C464EF3}.Debug|Win32.ActiveCfg = Debug|Any CPU
		{F59A1FEC-DBB3-421B-9D0E-5CE56C464EF3}.Debug|x64.ActiveCfg = Debug|Any CPU
		{F59A1FEC-DBB3-421B-9D0E-5CE56C464EF3}.Debug|x86.ActiveCfg = Debug|Any CPU
		{F59A1FEC-DBB3-421B-9D0E-5CE56C464EF3}.Release|Any CPU.ActiveCfg = Release|Any CPU
		{F59A1FEC-DBB3-421B-9D0E-5CE56C464EF3}.Release|Any CPU.Build.0 = Release|Any CPU
		{F59A1FEC-DBB3-421B-9D0E-5CE56C464EF3}.Release|Mixed Platforms.ActiveCfg = Release|Any CPU
		{F59A1FEC-DBB3-421B-9D0E-5CE56C464EF3}.Release|Mixed Platforms.Build.0 = Release|Any CPU
		{F59A1FEC-DBB3-421B-9D0E-5CE56C464EF3}.Release|Win32.ActiveCfg = Release|Any CPU
		{F59A1FEC-DBB3-421B-9D0E-5CE56C464EF3}.Release|x64.ActiveCfg = Release|Any CPU
		{F59A1FEC-DBB3-421B-9D0E-5CE56C464EF3}.Release|x86.ActiveCfg = Release|Any CPU
		{2A17C8C2-BC7D-4378-85AA-5388FE201092}.Debug|Any CPU.ActiveCfg = Debug|Any CPU
		{2A17C8C2-BC7D-4378-85AA-5388FE201092}.Debug|Any CPU.Build.0 = Debug|Any CPU
		{2A17C8C2-BC7D-4378-85AA-5388FE201092}.Debug|Mixed Platforms.ActiveCfg = Debug|Any CPU
		{2A17C8C2-BC7D-4378-85AA-5388FE201092}.Debug|Mixed Platforms.Build.0 = Debug|Any CPU
		{2A17C8C2-BC7D-4378-85AA-5388FE201092}.Debug|Win32.ActiveCfg = Debug|Any CPU
		{2A17C8C2-BC7D-4378-85AA-5388FE201092}.Debug|x64.ActiveCfg = Debug|Any CPU
		{2A17C8C2-BC7D-4378-85AA-5388FE201092}.Debug|x86.ActiveCfg = Debug|Any CPU
		{2A17C8C2-BC7D-4378-85AA-5388FE201092}.Release|Any CPU.ActiveCfg = Release|Any CPU
		{2A17C8C2-BC7D-4378-85AA-5388FE201092}.Release|Any CPU.Build.0 = Release|Any CPU
		{2A17C8C2-BC7D-4378-85AA-5388FE201092}.Release|Mixed Platforms.ActiveCfg = Release|Any CPU
		{2A17C8C2-BC7D-4378-85AA-5388FE201092}.Release|Mixed Platforms.Build.0 = Release|Any CPU
		{2A17C8C2-BC7D-4378-85AA-5388FE201092}.Release|Win32.ActiveCfg = Release|Any CPU
		{2A17C8C2-BC7D-4378-85AA-5388FE201092}.Release|x64.ActiveCfg = Release|Any CPU
		{2A17C8C2-BC7D-4378-85AA-5388FE201092}.Release|x86.ActiveCfg = Release|Any CPU
		{AA37B35F-5FDB-4B25-B3B5-2A727D39269E}.Debug|Any CPU.ActiveCfg = Debug|Any CPU
		{AA37B35F-5FDB-4B25-B3B5-2A727D39269E}.Debug|Any CPU.Build.0 = Debug|Any CPU
		{AA37B35F-5FDB-4B25-B3B5-2A727D39269E}.Debug|Mixed Platforms.ActiveCfg = Debug|Any CPU
		{AA37B35F-5FDB-4B25-B3B5-2A727D39269E}.Debug|Mixed Platforms.Build.0 = Debug|Any CPU
		{AA37B35F-5FDB-4B25-B3B5-2A727D39269E}.Debug|Win32.ActiveCfg = Debug|Any CPU
		{AA37B35F-5FDB-4B25-B3B5-2A727D39269E}.Debug|x64.ActiveCfg = Debug|Any CPU
		{AA37B35F-5FDB-4B25-B3B5-2A727D39269E}.Debug|x86.ActiveCfg = Debug|Any CPU
		{AA37B35F-5FDB-4B25-B3B5-2A727D39269E}.Release|Any CPU.ActiveCfg = Release|Any CPU
		{AA37B35F-5FDB-4B25-B3B5-2A727D39269E}.Release|Any CPU.Build.0 = Release|Any CPU
		{AA37B35F-5FDB-4B25-B3B5-2A727D39269E}.Release|Mixed Platforms.ActiveCfg = Release|Any CPU
		{AA37B35F-5FDB-4B25-B3B5-2A727D39269E}.Release|Mixed Platforms.Build.0 = Release|Any CPU
		{AA37B35F-5FDB-4B25-B3B5-2A727D39269E}.Release|Win32.ActiveCfg = Release|Any CPU
		{AA37B35F-5FDB-4B25-B3B5-2A727D39269E}.Release|x64.ActiveCfg = Release|Any CPU
		{AA37B35F-5FDB-4B25-B3B5-2A727D39269E}.Release|x86.ActiveCfg = Release|Any CPU
		{96F9DA98-C859-4D13-8630-AD33800A872D}.Debug|Any CPU.ActiveCfg = Debug|Any CPU
		{96F9DA98-C859-4D13-8630-AD33800A872D}.Debug|Any CPU.Build.0 = Debug|Any CPU
		{96F9DA98-C859-4D13-8630-AD33800A872D}.Debug|Mixed Platforms.ActiveCfg = Debug|Any CPU
		{96F9DA98-C859-4D13-8630-AD33800A872D}.Debug|Mixed Platforms.Build.0 = Debug|Any CPU
		{96F9DA98-C859-4D13-8630-AD33800A872D}.Debug|Win32.ActiveCfg = Debug|Any CPU
		{96F9DA98-C859-4D13-8630-AD33800A872D}.Debug|x64.ActiveCfg = Debug|Any CPU
		{96F9DA98-C859-4D13-8630-AD33800A872D}.Debug|x86.ActiveCfg = Debug|Any CPU
		{96F9DA98-C859-4D13-8630-AD33800A872D}.Release|Any CPU.ActiveCfg = Release|Any CPU
		{96F9DA98-C859-4D13-8630-AD33800A872D}.Release|Any CPU.Build.0 = Release|Any CPU
		{96F9DA98-C859-4D13-8630-AD33800A872D}.Release|Mixed Platforms.ActiveCfg = Release|Any CPU
		{96F9DA98-C859-4D13-8630-AD33800A872D}.Release|Mixed Platforms.Build.0 = Release|Any CPU
		{96F9DA98-C859-4D13-8630-AD33800A872D}.Release|Win32.ActiveCfg = Release|Any CPU
		{96F9DA98-C859-4D13-8630-AD33800A872D}.Release|x64.ActiveCfg = Release|Any CPU
		{96F9DA98-C859-4D13-8630-AD33800A872D}.Release|x86.ActiveCfg = Release|Any CPU
		{978F7E63-EECE-4511-8214-EE54C23146C4}.Debug|Any CPU.ActiveCfg = Debug|Any CPU
		{978F7E63-EECE-4511-8214-EE54C23146C4}.Debug|Any CPU.Build.0 = Debug|Any CPU
		{978F7E63-EECE-4511-8214-EE54C23146C4}.Debug|Mixed Platforms.ActiveCfg = Debug|Any CPU
		{978F7E63-EECE-4511-8214-EE54C23146C4}.Debug|Mixed Platforms.Build.0 = Debug|Any CPU
		{978F7E63-EECE-4511-8214-EE54C23146C4}.Debug|Win32.ActiveCfg = Debug|Any CPU
		{978F7E63-EECE-4511-8214-EE54C23146C4}.Debug|x64.ActiveCfg = Debug|Any CPU
		{978F7E63-EECE-4511-8214-EE54C23146C4}.Debug|x86.ActiveCfg = Debug|Any CPU
		{978F7E63-EECE-4511-8214-EE54C23146C4}.Release|Any CPU.ActiveCfg = Release|Any CPU
		{978F7E63-EECE-4511-8214-EE54C23146C4}.Release|Any CPU.Build.0 = Release|Any CPU
		{978F7E63-EECE-4511-8214-EE54C23146C4}.Release|Mixed Platforms.ActiveCfg = Release|Any CPU
		{978F7E63-EECE-4511-8214-EE54C23146C4}.Release|Mixed Platforms.Build.0 = Release|Any CPU
		{978F7E63-EECE-4511-8214-EE54C23146C4}.Release|Win32.ActiveCfg = Release|Any CPU
		{978F7E63-EECE-4511-8214-EE54C23146C4}.Release|x64.ActiveCfg = Release|Any CPU
		{978F7E63-EECE-4511-8214-EE54C23146C4}.Release|x86.ActiveCfg = Release|Any CPU
		{EB85C929-7BAB-40EB-828F-CE1612CFD05F}.Debug|Any CPU.ActiveCfg = Debug|Any CPU
		{EB85C929-7BAB-40EB-828F-CE1612CFD05F}.Debug|Any CPU.Build.0 = Debug|Any CPU
		{EB85C929-7BAB-40EB-828F-CE1612CFD05F}.Debug|Mixed Platforms.ActiveCfg = Debug|Any CPU
		{EB85C929-7BAB-40EB-828F-CE1612CFD05F}.Debug|Mixed Platforms.Build.0 = Debug|Any CPU
		{EB85C929-7BAB-40EB-828F-CE1612CFD05F}.Debug|Win32.ActiveCfg = Debug|Any CPU
		{EB85C929-7BAB-40EB-828F-CE1612CFD05F}.Debug|x64.ActiveCfg = Debug|Any CPU
		{EB85C929-7BAB-40EB-828F-CE1612CFD05F}.Debug|x86.ActiveCfg = Debug|Any CPU
		{EB85C929-7BAB-40EB-828F-CE1612CFD05F}.Release|Any CPU.ActiveCfg = Release|Any CPU
		{EB85C929-7BAB-40EB-828F-CE1612CFD05F}.Release|Any CPU.Build.0 = Release|Any CPU
		{EB85C929-7BAB-40EB-828F-CE1612CFD05F}.Release|Mixed Platforms.ActiveCfg = Release|Any CPU
		{EB85C929-7BAB-40EB-828F-CE1612CFD05F}.Release|Mixed Platforms.Build.0 = Release|Any CPU
		{EB85C929-7BAB-40EB-828F-CE1612CFD05F}.Release|Win32.ActiveCfg = Release|Any CPU
		{EB85C929-7BAB-40EB-828F-CE1612CFD05F}.Release|x64.ActiveCfg = Release|Any CPU
		{EB85C929-7BAB-40EB-828F-CE1612CFD05F}.Release|x86.ActiveCfg = Release|Any CPU
	EndGlobalSection
	GlobalSection(SolutionProperties) = preSolution
		HideSolutionNode = FALSE
	EndGlobalSection
EndGlobal
